
Microsoft Visual Studio Solution File, Format Version 12.00
# Visual Studio Version 16
VisualStudioVersion = 16.0.30320.27
MinimumVisualStudioVersion = 10.0.40219.1
Project("{FAE04EC0-301F-11D3-BF4B-00C04F79EFBC}") = "ABS.BL", "ABS.BL\ABS.BL.csproj", "{290D023B-56F7-467B-BD70-202987214375}"
EndProject
Project("{FAE04EC0-301F-11D3-BF4B-00C04F79EFBC}") = "Program", "Program\Program.csproj", "{BB03D2BF-7F19-4887-BA07-E91F4721E1D9}"
EndProject
Global
	GlobalSection(SolutionConfigurationPlatforms) = preSolution
		Debug|Any CPU = Debug|Any CPU
		Release|Any CPU = Release|Any CPU
	EndGlobalSection
	GlobalSection(ProjectConfigurationPlatforms) = postSolution
		{290D023B-56F7-467B-BD70-202987214375}.Debug|Any CPU.ActiveCfg = Debug|Any CPU
		{290D023B-56F7-467B-BD70-202987214375}.Debug|Any CPU.Build.0 = Debug|Any CPU
		{290D023B-56F7-467B-BD70-202987214375}.Release|Any CPU.ActiveCfg = Release|Any CPU
		{290D023B-56F7-467B-BD70-202987214375}.Release|Any CPU.Build.0 = Release|Any CPU
		{BB03D2BF-7F19-4887-BA07-E91F4721E1D9}.Debug|Any CPU.ActiveCfg = Debug|Any CPU
		{BB03D2BF-7F19-4887-BA07-E91F4721E1D9}.Debug|Any CPU.Build.0 = Debug|Any CPU
		{BB03D2BF-7F19-4887-BA07-E91F4721E1D9}.Release|Any CPU.ActiveCfg = Release|Any CPU
		{BB03D2BF-7F19-4887-BA07-E91F4721E1D9}.Release|Any CPU.Build.0 = Release|Any CPU
	EndGlobalSection
	GlobalSection(SolutionProperties) = preSolution
		HideSolutionNode = FALSE
	EndGlobalSection
	GlobalSection(ExtensibilityGlobals) = postSolution
		SolutionGuid = {0B0A0EA3-7B57-482C-A45D-94CD4BC39968}
	EndGlobalSection
EndGlobal
